
Microsoft Visual Studio Solution File, Format Version 12.00
# Visual Studio Version 16
VisualStudioVersion = 16.0.30621.155
MinimumVisualStudioVersion = 10.0.40219.1
Project("{FAE04EC0-301F-11D3-BF4B-00C04F79EFBC}") = "csharp1", "csharp1\csharp1.csproj", "{EF8D0C42-BFB1-429B-89C8-A238EE2B82D0}"
EndProject
Global
	GlobalSection(SolutionConfigurationPlatforms) = preSolution
		Debug|Any CPU = Debug|Any CPU
		Release|Any CPU = Release|Any CPU
	EndGlobalSection
	GlobalSection(ProjectConfigurationPlatforms) = postSolution
		{EF8D0C42-BFB1-429B-89C8-A238EE2B82D0}.Debug|Any CPU.ActiveCfg = Debug|Any CPU
		{EF8D0C42-BFB1-429B-89C8-A238EE2B82D0}.Debug|Any CPU.Build.0 = Debug|Any CPU
		{EF8D0C42-BFB1-429B-89C8-A238EE2B82D0}.Release|Any CPU.ActiveCfg = Release|Any CPU
		{EF8D0C42-BFB1-429B-89C8-A238EE2B82D0}.Release|Any CPU.Build.0 = Release|Any CPU
	EndGlobalSection
	GlobalSection(SolutionProperties) = preSolution
		HideSolutionNode = FALSE
	EndGlobalSection
	GlobalSection(ExtensibilityGlobals) = postSolution
		SolutionGuid = {9E2A0A80-9D89-4D15-8801-EB6D92B1D426}
	EndGlobalSection
EndGlobal
